Microsoft Visual Studio Solution File, Format Version 12.00
# Visual Studio Version 17
VisualStudioVersion = 17.5.2.0
MinimumVisualStudioVersion = 10.0.40219.1
Project("{2150E333-8FDC-42A3-9474-1A3956D46DE8}") = "app", "app", "{F95F473B-E98A-ACD6-1986-755F447BE36F}"
EndProject
Project("{FAE04EC0-301F-11D3-BF4B-00C04F79EFBC}") = "api", "app\api\api.csproj", "{268011E1-3F40-A7D8-4D01-74EA73F0F237}"
EndProject
Project("{54A90642-561A-4BB1-A94E-469ADEE60C69}") = "ui", "app\ui\ui.esproj", "{3C74DA1B-59F7-4E8A-B2D9-A6F5E8C10D32}"
EndProject
Project("{2150E333-8FDC-42A3-9474-1A3956D46DE8}") = "api (1)", "api (1)", "{51F78AB5-31DF-48E3-FFE9-60EEF948A9B2}"
EndProject
Project("{2150E333-8FDC-42A3-9474-1A3956D46DE8}") = "obj", "obj", "{671C95C9-E008-CE87-27DE-EA2AC08B0134}"
EndProject
Project("{2150E333-8FDC-42A3-9474-1A3956D46DE8}") = "Debug", "Debug", "{AB6EE24C-15D5-6BED-3E1E-7BDFE8E9F00B}"
EndProject
Project("{2150E333-8FDC-42A3-9474-1A3956D46DE8}") = "net8.0", "net8.0", "{1331E5DA-811E-9060-5246-915CDE966EA5}"
EndProject
Project("{FAE04EC0-301F-11D3-BF4B-00C04F79EFBC}") = "WorkerExtensions", "app\api\obj\Debug\net8.0\WorkerExtensions\WorkerExtensions.csproj", "{87FA627A-A36B-AD24-68BA-C8E0EE2E647E}"
EndProject
Project("{2150E333-8FDC-42A3-9474-1A3956D46DE8}") = "net9.0", "net9.0", "{BF6F9D15-91A8-07E2-5F28-0701D32F374E}"
EndProject
Project("{FAE04EC0-301F-11D3-BF4B-00C04F79EFBC}") = "WorkerExtensions", "app\api\obj\Debug\net9.0\WorkerExtensions\WorkerExtensions.csproj", "{C556D959-F985-816F-79F7-EE5928C217A1}"
EndProject
Global
	GlobalSection(SolutionConfigurationPlatforms) = preSolution
		Debug|Any CPU = Debug|Any CPU
		Release|Any CPU = Release|Any CPU
	EndGlobalSection
	GlobalSection(ProjectConfigurationPlatforms) = postSolution
		{268011E1-3F40-A7D8-4D01-74EA73F0F237}.Debug|Any CPU.ActiveCfg = Debug|Any CPU
		{268011E1-3F40-A7D8-4D01-74EA73F0F237}.Debug|Any CPU.Build.0 = Debug|Any CPU
		{268011E1-3F40-A7D8-4D01-74EA73F0F237}.Release|Any CPU.ActiveCfg = Release|Any CPU
		{268011E1-3F40-A7D8-4D01-74EA73F0F237}.Release|Any CPU.Build.0 = Release|Any CPU
		{87FA627A-A36B-AD24-68BA-C8E0EE2E647E}.Debug|Any CPU.ActiveCfg = Debug|Any CPU
		{87FA627A-A36B-AD24-68BA-C8E0EE2E647E}.Debug|Any CPU.Build.0 = Debug|Any CPU
		{87FA627A-A36B-AD24-68BA-C8E0EE2E647E}.Release|Any CPU.ActiveCfg = Release|Any CPU
		{87FA627A-A36B-AD24-68BA-C8E0EE2E647E}.Release|Any CPU.Build.0 = Release|Any CPU
		{C556D959-F985-816F-79F7-EE5928C217A1}.Debug|Any CPU.ActiveCfg = Debug|Any CPU
		{C556D959-F985-816F-79F7-EE5928C217A1}.Debug|Any CPU.Build.0 = Debug|Any CPU
		{C556D959-F985-816F-79F7-EE5928C217A1}.Release|Any CPU.ActiveCfg = Release|Any CPU
		{C556D959-F985-816F-79F7-EE5928C217A1}.Release|Any CPU.Build.0 = Release|Any CPU
	EndGlobalSection
	GlobalSection(SolutionProperties) = preSolution
		HideSolutionNode = FALSE
	EndGlobalSection
	GlobalSection(NestedProjects) = preSolution
		{268011E1-3F40-A7D8-4D01-74EA73F0F237} = {F95F473B-E98A-ACD6-1986-755F447BE36F}
		{3C74DA1B-59F7-4E8A-B2D9-A6F5E8C10D32} = {F95F473B-E98A-ACD6-1986-755F447BE36F}
		{51F78AB5-31DF-48E3-FFE9-60EEF948A9B2} = {F95F473B-E98A-ACD6-1986-755F447BE36F}
		{671C95C9-E008-CE87-27DE-EA2AC08B0134} = {51F78AB5-31DF-48E3-FFE9-60EEF948A9B2}
		{AB6EE24C-15D5-6BED-3E1E-7BDFE8E9F00B} = {671C95C9-E008-CE87-27DE-EA2AC08B0134}
		{1331E5DA-811E-9060-5246-915CDE966EA5} = {AB6EE24C-15D5-6BED-3E1E-7BDFE8E9F00B}
		{87FA627A-A36B-AD24-68BA-C8E0EE2E647E} = {1331E5DA-811E-9060-5246-915CDE966EA5}
		{BF6F9D15-91A8-07E2-5F28-0701D32F374E} = {AB6EE24C-15D5-6BED-3E1E-7BDFE8E9F00B}
		{C556D959-F985-816F-79F7-EE5928C217A1} = {BF6F9D15-91A8-07E2-5F28-0701D32F374E}
	EndGlobalSection
	GlobalSection(ExtensibilityGlobals) = postSolution
		SolutionGuid = {8AB5F713-2D1E-46DA-89F9-96E77C9E0C2E}
	EndGlobalSection
EndGlobal
